// !$*UTF8*$!
{
	archiveVersion = 1;
	classes = {
	};
	objectVersion = 56;
	objects = {

/* Begin PBXBuildFile section */
		62165FEF29DFFEDF00A8D66D /* Extensions.swift in Sources */ = {isa = PBXBuildFile; fileRef = 62165FEE29DFFEDF00A8D66D /* Extensions.swift */; };
		62165FF129E00BAE00A8D66D /* ColorsForGradients.swift in Sources */ = {isa = PBXBuildFile; fileRef = 62165FF029E00BAE00A8D66D /* ColorsForGradients.swift */; };
		622AFF5329D860EA00C4D58C /* LoginRegister.storyboard in Resources */ = {isa = PBXBuildFile; fileRef = 622AFF5229D860EA00C4D58C /* LoginRegister.storyboard */; };
		622AFF5529D8962200C4D58C /* LoginRegisterViewController.swift in Sources */ = {isa = PBXBuildFile; fileRef = 622AFF5429D8962200C4D58C /* LoginRegisterViewController.swift */; };
		6258A34E29D0569E00B667C6 /* AppDelegate.swift in Sources */ = {isa = PBXBuildFile; fileRef = 6258A34D29D0569E00B667C6 /* AppDelegate.swift */; };
		6258A35029D0569E00B667C6 /* SceneDelegate.swift in Sources */ = {isa = PBXBuildFile; fileRef = 6258A34F29D0569E00B667C6 /* SceneDelegate.swift */; };
		6258A35229D0569E00B667C6 /* SplashViewController.swift in Sources */ = {isa = PBXBuildFile; fileRef = 6258A35129D0569E00B667C6 /* SplashViewController.swift */; };
		6258A35529D0569E00B667C6 /* Main.storyboard in Resources */ = {isa = PBXBuildFile; fileRef = 6258A35329D0569E00B667C6 /* Main.storyboard */; };
		6258A35729D0569F00B667C6 /* Assets.xcassets in Resources */ = {isa = PBXBuildFile; fileRef = 6258A35629D0569F00B667C6 /* Assets.xcassets */; };
		6258A35A29D0569F00B667C6 /* LaunchScreen.storyboard in Resources */ = {isa = PBXBuildFile; fileRef = 6258A35829D0569F00B667C6 /* LaunchScreen.storyboard */; };
		6265C9662A04BBBE00E2A57F /* Onboarding.storyboard in Resources */ = {isa = PBXBuildFile; fileRef = 6265C9652A04BBBE00E2A57F /* Onboarding.storyboard */; };
		6292882F29F65A5D0095C449 /* GoogleService-Info.plist in Resources */ = {isa = PBXBuildFile; fileRef = 6292882E29F65A5D0095C449 /* GoogleService-Info.plist */; };
		6292883229F65E950095C449 /* FirebaseAuth in Frameworks */ = {isa = PBXBuildFile; productRef = 6292883129F65E950095C449 /* FirebaseAuth */; };
		6292883429F65E950095C449 /* FirebaseDatabase in Frameworks */ = {isa = PBXBuildFile; productRef = 6292883329F65E950095C449 /* FirebaseDatabase */; };
		6292883629F65E950095C449 /* FirebaseDatabaseSwift in Frameworks */ = {isa = PBXBuildFile; productRef = 6292883529F65E950095C449 /* FirebaseDatabaseSwift */; };
		6292883829F65E950095C449 /* FirebaseFirestore in Frameworks */ = {isa = PBXBuildFile; productRef = 6292883729F65E950095C449 /* FirebaseFirestore */; };
		6292883A29F65E950095C449 /* FirebaseStorage in Frameworks */ = {isa = PBXBuildFile; productRef = 6292883929F65E950095C449 /* FirebaseStorage */; };
		6292883E29F67A380095C449 /* FirebaseStorageManager.swift in Sources */ = {isa = PBXBuildFile; fileRef = 6292883D29F67A380095C449 /* FirebaseStorageManager.swift */; };
		62A97EC129F7FF5100CF84D4 /* UserModel.swift in Sources */ = {isa = PBXBuildFile; fileRef = 62A97EC029F7FF5100CF84D4 /* UserModel.swift */; };
		62BEF32529E06E0100ECCD47 /* Register.storyboard in Resources */ = {isa = PBXBuildFile; fileRef = 62BEF32429E06E0100ECCD47 /* Register.storyboard */; };
		62BEF32729E06E1000ECCD47 /* RegisterViewController.swift in Sources */ = {isa = PBXBuildFile; fileRef = 62BEF32629E06E1000ECCD47 /* RegisterViewController.swift */; };
		62D8C1DB29E6D4E7006287B4 /* LoginViewController.swift in Sources */ = {isa = PBXBuildFile; fileRef = 62D8C1DA29E6D4E7006287B4 /* LoginViewController.swift */; };
		62E02E7E2A00F2CE0013B37A /* OnboardingViewController.swift in Sources */ = {isa = PBXBuildFile; fileRef = 62E02E7D2A00F2CE0013B37A /* OnboardingViewController.swift */; };
		62E7FE9929FAF3EE00D06F67 /* AlertManager.swift in Sources */ = {isa = PBXBuildFile; fileRef = 62E7FE9829FAF3EE00D06F67 /* AlertManager.swift */; };
		62E7FEA129FB866700D06F67 /* MainPage.storyboard in Resources */ = {isa = PBXBuildFile; fileRef = 62E7FEA029FB866700D06F67 /* MainPage.storyboard */; };
		62E7FEA329FB868A00D06F67 /* MainPageViewController.swift in Sources */ = {isa = PBXBuildFile; fileRef = 62E7FEA229FB868A00D06F67 /* MainPageViewController.swift */; };
		62F4DD9129EBCC3B00FC681D /* Login.storyboard in Resources */ = {isa = PBXBuildFile; fileRef = 62F4DD9029EBCC3B00FC681D /* Login.storyboard */; };
/* End PBXBuildFile section */

/* Begin PBXFileReference section */
		62165FEE29DFFEDF00A8D66D /* Extensions.swift */ = {isa = PBXFileReference; lastKnownFileType = sourcecode.swift; path = Extensions.swift; sourceTree = "<group>"; };
		62165FF029E00BAE00A8D66D /* ColorsForGradients.swift */ = {isa = PBXFileReference; lastKnownFileType = sourcecode.swift; path = ColorsForGradients.swift; sourceTree = "<group>"; };
		622AFF5229D860EA00C4D58C /* LoginRegister.storyboard */ = {isa = PBXFileReference; lastKnownFileType = file.storyboard; path = LoginRegister.storyboard; sourceTree = "<group>"; };
		622AFF5429D8962200C4D58C /* LoginRegisterViewController.swift */ = {isa = PBXFileReference; lastKnownFileType = sourcecode.swift; path = LoginRegisterViewController.swift; sourceTree = "<group>"; };
		6258A34A29D0569E00B667C6 /* EasyLunch.app */ = {isa = PBXFileReference; explicitFileType = wrapper.application; includeInIndex = 0; path = EasyLunch.app; sourceTree = BUILT_PRODUCTS_DIR; };
		6258A34D29D0569E00B667C6 /* AppDelegate.swift */ = {isa = PBXFileReference; lastKnownFileType = sourcecode.swift; path = AppDelegate.swift; sourceTree = "<group>"; };
		6258A34F29D0569E00B667C6 /* SceneDelegate.swift */ = {isa = PBXFileReference; lastKnownFileType = sourcecode.swift; path = SceneDelegate.swift; sourceTree = "<group>"; };
		6258A35129D0569E00B667C6 /* SplashViewController.swift */ = {isa = PBXFileReference; lastKnownFileType = sourcecode.swift; path = SplashViewController.swift; sourceTree = "<group>"; };
		6258A35429D0569E00B667C6 /* Base */ = {isa = PBXFileReference; lastKnownFileType = file.storyboard; name = Base; path = Base.lproj/Main.storyboard; sourceTree = "<group>"; };
		6258A35629D0569F00B667C6 /* Assets.xcassets */ = {isa = PBXFileReference; lastKnownFileType = folder.assetcatalog; path = Assets.xcassets; sourceTree = "<group>"; };
		6258A35929D0569F00B667C6 /* Base */ = {isa = PBXFileReference; lastKnownFileType = file.storyboard; name = Base; path = Base.lproj/LaunchScreen.storyboard; sourceTree = "<group>"; };
		6258A35B29D0569F00B667C6 /* Info.plist */ = {isa = PBXFileReference; lastKnownFileType = text.plist.xml; path = Info.plist; sourceTree = "<group>"; };
		6265C9652A04BBBE00E2A57F /* Onboarding.storyboard */ = {isa = PBXFileReference; lastKnownFileType = file.storyboard; path = Onboarding.storyboard; sourceTree = "<group>"; };
		6292882E29F65A5D0095C449 /* GoogleService-Info.plist */ = {isa = PBXFileReference; fileEncoding = 4; lastKnownFileType = text.plist.xml; path = "GoogleService-Info.plist"; sourceTree = "<group>"; };
		6292883D29F67A380095C449 /* FirebaseStorageManager.swift */ = {isa = PBXFileReference; lastKnownFileType = sourcecode.swift; path = FirebaseStorageManager.swift; sourceTree = "<group>"; };
		62A97EC029F7FF5100CF84D4 /* UserModel.swift */ = {isa = PBXFileReference; lastKnownFileType = sourcecode.swift; path = UserModel.swift; sourceTree = "<group>"; };
		62BEF32429E06E0100ECCD47 /* Register.storyboard */ = {isa = PBXFileReference; lastKnownFileType = file.storyboard; path = Register.storyboard; sourceTree = "<group>"; };
		62BEF32629E06E1000ECCD47 /* RegisterViewController.swift */ = {isa = PBXFileReference; lastKnownFileType = sourcecode.swift; path = RegisterViewController.swift; sourceTree = "<group>"; };
		62D8C1DA29E6D4E7006287B4 /* LoginViewController.swift */ = {isa = PBXFileReference; lastKnownFileType = sourcecode.swift; path = LoginViewController.swift; sourceTree = "<group>"; };
		62E02E7D2A00F2CE0013B37A /* OnboardingViewController.swift */ = {isa = PBXFileReference; lastKnownFileType = sourcecode.swift; path = OnboardingViewController.swift; sourceTree = "<group>"; };
		62E7FE9829FAF3EE00D06F67 /* AlertManager.swift */ = {isa = PBXFileReference; lastKnownFileType = sourcecode.swift; path = AlertManager.swift; sourceTree = "<group>"; };
		62E7FEA029FB866700D06F67 /* MainPage.storyboard */ = {isa = PBXFileReference; lastKnownFileType = file.storyboard; path = MainPage.storyboard; sourceTree = "<group>"; };
		62E7FEA229FB868A00D06F67 /* MainPageViewController.swift */ = {isa = PBXFileReference; lastKnownFileType = sourcecode.swift; path = MainPageViewController.swift; sourceTree = "<group>"; };
		62F4DD9029EBCC3B00FC681D /* Login.storyboard */ = {isa = PBXFileReference; lastKnownFileType = file.storyboard; path = Login.storyboard; sourceTree = "<group>"; };
/* End PBXFileReference section */

/* Begin PBXFrameworksBuildPhase section */
		6258A34729D0569E00B667C6 /* Frameworks */ = {
			isa = PBXFrameworksBuildPhase;
			buildActionMask = 2147483647;
			files = (
				6292883629F65E950095C449 /* FirebaseDatabaseSwift in Frameworks */,
				6292883829F65E950095C449 /* FirebaseFirestore in Frameworks */,
				6292883429F65E950095C449 /* FirebaseDatabase in Frameworks */,
				6292883A29F65E950095C449 /* FirebaseStorage in Frameworks */,
				6292883229F65E950095C449 /* FirebaseAuth in Frameworks */,
			);
			runOnlyForDeploymentPostprocessing = 0;
		};
/* End PBXFrameworksBuildPhase section */

/* Begin PBXGroup section */
		62165FED29DFFEBA00A8D66D /* Dependencies */ = {
			isa = PBXGroup;
			children = (
				62165FEE29DFFEDF00A8D66D /* Extensions.swift */,
				62E7FE9829FAF3EE00D06F67 /* AlertManager.swift */,
			);
			path = Dependencies;
			sourceTree = "<group>";
		};
		622AFF4F29D85C3A00C4D58C /* LoginRegister */ = {
			isa = PBXGroup;
			children = (
				6258A36D29D0573400B667C6 /* Model */,
				6258A36B29D0573400B667C6 /* View */,
				6258A36C29D0573400B667C6 /* ViewModel */,
			);
			path = LoginRegister;
			sourceTree = "<group>";
		};
		622AFF5029D85F8F00C4D58C /* ViewCuntroller */ = {
			isa = PBXGroup;
			children = (
				622AFF5429D8962200C4D58C /* LoginRegisterViewController.swift */,
			);
			path = ViewCuntroller;
			sourceTree = "<group>";
		};
		622AFF5129D85FA800C4D58C /* UI */ = {
			isa = PBXGroup;
			children = (
				622AFF5229D860EA00C4D58C /* LoginRegister.storyboard */,
			);
			path = UI;
			sourceTree = "<group>";
		};
		6252A8822A017B7B00D3B6FF /* Cells */ = {
			isa = PBXGroup;
			children = (
			);
			path = Cells;
			sourceTree = "<group>";
		};
		6258A34129D0569E00B667C6 = {
			isa = PBXGroup;
			children = (
				6258A34C29D0569E00B667C6 /* Easy Lunch */,
				6258A34B29D0569E00B667C6 /* Products */,
			);
			sourceTree = "<group>";
		};
		6258A34B29D0569E00B667C6 /* Products */ = {
			isa = PBXGroup;
			children = (
				6258A34A29D0569E00B667C6 /* EasyLunch.app */,
			);
			name = Products;
			sourceTree = "<group>";
		};
		6258A34C29D0569E00B667C6 /* Easy Lunch */ = {
			isa = PBXGroup;
			children = (
				62E02E722A00F2220013B37A /* Onboarding */,
				62E7FE9A29FB85BC00D06F67 /* MainPage */,
				6292883B29F679DE0095C449 /* Firebase */,
				62165FED29DFFEBA00A8D66D /* Dependencies */,
				622AFF4F29D85C3A00C4D58C /* LoginRegister */,
				6258A36329D056D900B667C6 /* Splash */,
				6258A36A29D0572400B667C6 /* Register */,
				6258A36929D0571800B667C6 /* Login */,
				6258A36229D056C500B667C6 /* Resources */,
				6258A36129D056AF00B667C6 /* Delegates */,
			);
			path = "Easy Lunch";
			sourceTree = "<group>";
		};
		6258A36129D056AF00B667C6 /* Delegates */ = {
			isa = PBXGroup;
			children = (
				6258A34D29D0569E00B667C6 /* AppDelegate.swift */,
				6258A34F29D0569E00B667C6 /* SceneDelegate.swift */,
			);
			path = Delegates;
			sourceTree = "<group>";
		};
		6258A36229D056C500B667C6 /* Resources */ = {
			isa = PBXGroup;
			children = (
				6258A35629D0569F00B667C6 /* Assets.xcassets */,
				6292882E29F65A5D0095C449 /* GoogleService-Info.plist */,
				6258A35829D0569F00B667C6 /* LaunchScreen.storyboard */,
				6258A35B29D0569F00B667C6 /* Info.plist */,
			);
			path = Resources;
			sourceTree = "<group>";
		};
		6258A36329D056D900B667C6 /* Splash */ = {
			isa = PBXGroup;
			children = (
				6258A36629D056EE00B667C6 /* Model */,
				6258A36529D056E900B667C6 /* View */,
				6258A36429D056DF00B667C6 /* ViewModel */,
			);
			path = Splash;
			sourceTree = "<group>";
		};
		6258A36429D056DF00B667C6 /* ViewModel */ = {
			isa = PBXGroup;
			children = (
				62165FF029E00BAE00A8D66D /* ColorsForGradients.swift */,
			);
			path = ViewModel;
			sourceTree = "<group>";
		};
		6258A36529D056E900B667C6 /* View */ = {
			isa = PBXGroup;
			children = (
				6258A36829D0570700B667C6 /* UI */,
				6258A36729D056F400B667C6 /* ViewController */,
			);
			path = View;
			sourceTree = "<group>";
		};
		6258A36629D056EE00B667C6 /* Model */ = {
			isa = PBXGroup;
			children = (
			);
			path = Model;
			sourceTree = "<group>";
		};
		6258A36729D056F400B667C6 /* ViewController */ = {
			isa = PBXGroup;
			children = (
				6258A35129D0569E00B667C6 /* SplashViewController.swift */,
			);
			path = ViewController;
			sourceTree = "<group>";
		};
		6258A36829D0570700B667C6 /* UI */ = {
			isa = PBXGroup;
			children = (
				6258A35329D0569E00B667C6 /* Main.storyboard */,
			);
			path = UI;
			sourceTree = "<group>";
		};
		6258A36929D0571800B667C6 /* Login */ = {
			isa = PBXGroup;
			children = (
				62D8C1D329E6D489006287B4 /* Model */,
				62D8C1D429E6D489006287B4 /* View */,
				62D8C1D529E6D489006287B4 /* ViewModel */,
			);
			path = Login;
			sourceTree = "<group>";
		};
		6258A36A29D0572400B667C6 /* Register */ = {
			isa = PBXGroup;
			children = (
				6258A37529D0573700B667C6 /* Model */,
				6258A37429D0573700B667C6 /* View */,
				6258A37329D0573700B667C6 /* ViewModel */,
			);
			path = Register;
			sourceTree = "<group>";
		};
		6258A36B29D0573400B667C6 /* View */ = {
			isa = PBXGroup;
			children = (
				622AFF5129D85FA800C4D58C /* UI */,
				622AFF5029D85F8F00C4D58C /* ViewCuntroller */,
			);
			path = View;
			sourceTree = "<group>";
		};
		6258A36C29D0573400B667C6 /* ViewModel */ = {
			isa = PBXGroup;
			children = (
			);
			path = ViewModel;
			sourceTree = "<group>";
		};
		6258A36D29D0573400B667C6 /* Model */ = {
			isa = PBXGroup;
			children = (
			);
			path = Model;
			sourceTree = "<group>";
		};
		6258A37329D0573700B667C6 /* ViewModel */ = {
			isa = PBXGroup;
			children = (
			);
			path = ViewModel;
			sourceTree = "<group>";
		};
		6258A37429D0573700B667C6 /* View */ = {
			isa = PBXGroup;
			children = (
				62BEF32329E06DF800ECCD47 /* UI */,
				62BEF32229E06DEB00ECCD47 /* ViewController */,
			);
			path = View;
			sourceTree = "<group>";
		};
		6258A37529D0573700B667C6 /* Model */ = {
			isa = PBXGroup;
			children = (
			);
			path = Model;
			sourceTree = "<group>";
		};
		6292883B29F679DE0095C449 /* Firebase */ = {
			isa = PBXGroup;
			children = (
				6292883D29F67A380095C449 /* FirebaseStorageManager.swift */,
				62A97EC029F7FF5100CF84D4 /* UserModel.swift */,
			);
			path = Firebase;
			sourceTree = "<group>";
		};
		62BEF32229E06DEB00ECCD47 /* ViewController */ = {
			isa = PBXGroup;
			children = (
				62BEF32629E06E1000ECCD47 /* RegisterViewController.swift */,
			);
			path = ViewController;
			sourceTree = "<group>";
		};
		62BEF32329E06DF800ECCD47 /* UI */ = {
			isa = PBXGroup;
			children = (
				62BEF32429E06E0100ECCD47 /* Register.storyboard */,
			);
			path = UI;
			sourceTree = "<group>";
		};
		62D8C1D329E6D489006287B4 /* Model */ = {
			isa = PBXGroup;
			children = (
			);
			path = Model;
			sourceTree = "<group>";
		};
		62D8C1D429E6D489006287B4 /* View */ = {
			isa = PBXGroup;
			children = (
				62D8C1D629E6D489006287B4 /* UI */,
				62D8C1D829E6D489006287B4 /* ViewController */,
			);
			path = View;
			sourceTree = "<group>";
		};
		62D8C1D529E6D489006287B4 /* ViewModel */ = {
			isa = PBXGroup;
			children = (
			);
			path = ViewModel;
			sourceTree = "<group>";
		};
		62D8C1D629E6D489006287B4 /* UI */ = {
			isa = PBXGroup;
			children = (
				62F4DD9029EBCC3B00FC681D /* Login.storyboard */,
			);
			path = UI;
			sourceTree = "<group>";
		};
		62D8C1D829E6D489006287B4 /* ViewController */ = {
			isa = PBXGroup;
			children = (
				62D8C1DA29E6D4E7006287B4 /* LoginViewController.swift */,
			);
			path = ViewController;
			sourceTree = "<group>";
		};
		62E02E722A00F2220013B37A /* Onboarding */ = {
			isa = PBXGroup;
			children = (
				62E02E752A00F2560013B37A /* Model */,
				62E02E742A00F2510013B37A /* View */,
				62E02E732A00F24B0013B37A /* ViewModel */,
			);
			path = Onboarding;
			sourceTree = "<group>";
		};
		62E02E732A00F24B0013B37A /* ViewModel */ = {
			isa = PBXGroup;
			children = (
			);
			path = ViewModel;
			sourceTree = "<group>";
		};
		62E02E742A00F2510013B37A /* View */ = {
			isa = PBXGroup;
			children = (
				6252A8822A017B7B00D3B6FF /* Cells */,
				62E02E782A00F26F0013B37A /* UI */,
				62E02E772A00F2680013B37A /* ViewController */,
			);
			path = View;
			sourceTree = "<group>";
		};
		62E02E752A00F2560013B37A /* Model */ = {
			isa = PBXGroup;
			children = (
			);
			path = Model;
			sourceTree = "<group>";
		};
		62E02E772A00F2680013B37A /* ViewController */ = {
			isa = PBXGroup;
			children = (
				62E02E7D2A00F2CE0013B37A /* OnboardingViewController.swift */,
			);
			path = ViewController;
			sourceTree = "<group>";
		};
		62E02E782A00F26F0013B37A /* UI */ = {
			isa = PBXGroup;
			children = (
				6265C9652A04BBBE00E2A57F /* Onboarding.storyboard */,
			);
			path = UI;
			sourceTree = "<group>";
		};
		62E7FE9A29FB85BC00D06F67 /* MainPage */ = {
			isa = PBXGroup;
			children = (
				62E7FE9D29FB85DE00D06F67 /* Model */,
				62E7FE9C29FB85D200D06F67 /* View */,
				62E7FE9B29FB85C800D06F67 /* ViewModel */,
			);
			path = MainPage;
			sourceTree = "<group>";
		};
		62E7FE9B29FB85C800D06F67 /* ViewModel */ = {
			isa = PBXGroup;
			children = (
			);
			path = ViewModel;
			sourceTree = "<group>";
		};
		62E7FE9C29FB85D200D06F67 /* View */ = {
			isa = PBXGroup;
			children = (
				62E7FE9F29FB85ED00D06F67 /* UI */,
				62E7FE9E29FB85E400D06F67 /* ViewController */,
			);
			path = View;
			sourceTree = "<group>";
		};
		62E7FE9D29FB85DE00D06F67 /* Model */ = {
			isa = PBXGroup;
			children = (
			);
			path = Model;
			sourceTree = "<group>";
		};
		62E7FE9E29FB85E400D06F67 /* ViewController */ = {
			isa = PBXGroup;
			children = (
				62E7FEA229FB868A00D06F67 /* MainPageViewController.swift */,
			);
			path = ViewController;
			sourceTree = "<group>";
		};
		62E7FE9F29FB85ED00D06F67 /* UI */ = {
			isa = PBXGroup;
			children = (
				62E7FEA029FB866700D06F67 /* MainPage.storyboard */,
			);
			path = UI;
			sourceTree = "<group>";
		};
/* End PBXGroup section */

/* Begin PBXNativeTarget section */
		6258A34929D0569E00B667C6 /* EasyLunch */ = {
			isa = PBXNativeTarget;
			buildConfigurationList = 6258A35E29D0569F00B667C6 /* Build configuration list for PBXNativeTarget "EasyLunch" */;
			buildPhases = (
				6258A34629D0569E00B667C6 /* Sources */,
				6258A34729D0569E00B667C6 /* Frameworks */,
				6258A34829D0569E00B667C6 /* Resources */,
			);
			buildRules = (
			);
			dependencies = (
			);
			name = EasyLunch;
			packageProductDependencies = (
				6292883129F65E950095C449 /* FirebaseAuth */,
				6292883329F65E950095C449 /* FirebaseDatabase */,
				6292883529F65E950095C449 /* FirebaseDatabaseSwift */,
				6292883729F65E950095C449 /* FirebaseFirestore */,
				6292883929F65E950095C449 /* FirebaseStorage */,
			);
			productName = "Easy Lunch";
			productReference = 6258A34A29D0569E00B667C6 /* EasyLunch.app */;
			productType = "com.apple.product-type.application";
		};
/* End PBXNativeTarget section */

/* Begin PBXProject section */
		6258A34229D0569E00B667C6 /* Project object */ = {
			isa = PBXProject;
			attributes = {
				BuildIndependentTargetsInParallel = 1;
				LastSwiftUpdateCheck = 1420;
				LastUpgradeCheck = 1420;
				TargetAttributes = {
					6258A34929D0569E00B667C6 = {
						CreatedOnToolsVersion = 14.2;
					};
				};
			};
			buildConfigurationList = 6258A34529D0569E00B667C6 /* Build configuration list for PBXProject "EasyLunch" */;
			compatibilityVersion = "Xcode 14.0";
			developmentRegion = en;
			hasScannedForEncodings = 0;
			knownRegions = (
				en,
				Base,
			);
			mainGroup = 6258A34129D0569E00B667C6;
			packageReferences = (
				6292883029F65E950095C449 /* XCRemoteSwiftPackageReference "firebase-ios-sdk" */,
			);
			productRefGroup = 6258A34B29D0569E00B667C6 /* Products */;
			projectDirPath = "";
			projectRoot = "";
			targets = (
				6258A34929D0569E00B667C6 /* EasyLunch */,
			);
		};
/* End PBXProject section */

/* Begin PBXResourcesBuildPhase section */
		6258A34829D0569E00B667C6 /* Resources */ = {
			isa = PBXResourcesBuildPhase;
			buildActionMask = 2147483647;
			files = (
				6258A35A29D0569F00B667C6 /* LaunchScreen.storyboard in Resources */,
				62BEF32529E06E0100ECCD47 /* Register.storyboard in Resources */,
				62F4DD9129EBCC3B00FC681D /* Login.storyboard in Resources */,
				622AFF5329D860EA00C4D58C /* LoginRegister.storyboard in Resources */,
				62E7FEA129FB866700D06F67 /* MainPage.storyboard in Resources */,
				6258A35729D0569F00B667C6 /* Assets.xcassets in Resources */,
				6265C9662A04BBBE00E2A57F /* Onboarding.storyboard in Resources */,
				6258A35529D0569E00B667C6 /* Main.storyboard in Resources */,
				6292882F29F65A5D0095C449 /* GoogleService-Info.plist in Resources */,
			);
			runOnlyForDeploymentPostprocessing = 0;
		};
/* End PBXResourcesBuildPhase section */

/* Begin PBXSourcesBuildPhase section */
		6258A34629D0569E00B667C6 /* Sources */ = {
			isa = PBXSourcesBuildPhase;
			buildActionMask = 2147483647;
			files = (
				62E02E7E2A00F2CE0013B37A /* OnboardingViewController.swift in Sources */,
				62165FEF29DFFEDF00A8D66D /* Extensions.swift in Sources */,
				62E7FE9929FAF3EE00D06F67 /* AlertManager.swift in Sources */,
				6258A35229D0569E00B667C6 /* SplashViewController.swift in Sources */,
				62BEF32729E06E1000ECCD47 /* RegisterViewController.swift in Sources */,
				62E7FEA329FB868A00D06F67 /* MainPageViewController.swift in Sources */,
				6258A34E29D0569E00B667C6 /* AppDelegate.swift in Sources */,
				6292883E29F67A380095C449 /* FirebaseStorageManager.swift in Sources */,
				62D8C1DB29E6D4E7006287B4 /* LoginViewController.swift in Sources */,
				62165FF129E00BAE00A8D66D /* ColorsForGradients.swift in Sources */,
				6258A35029D0569E00B667C6 /* SceneDelegate.swift in Sources */,
				62A97EC129F7FF5100CF84D4 /* UserModel.swift in Sources */,
				622AFF5529D8962200C4D58C /* LoginRegisterViewController.swift in Sources */,
			);
			runOnlyForDeploymentPostprocessing = 0;
		};
/* End PBXSourcesBuildPhase section */

/* Begin PBXVariantGroup section */
		6258A35329D0569E00B667C6 /* Main.storyboard */ = {
			isa = PBXVariantGroup;
			children = (
				6258A35429D0569E00B667C6 /* Base */,
			);
			name = Main.storyboard;
			sourceTree = "<group>";
		};
		6258A35829D0569F00B667C6 /* LaunchScreen.storyboard */ = {
			isa = PBXVariantGroup;
			children = (
				6258A35929D0569F00B667C6 /* Base */,
			);
			name = LaunchScreen.storyboard;
			sourceTree = "<group>";
		};
/* End PBXVariantGroup section */

/* Begin XCBuildConfiguration section */
		6258A35C29D0569F00B667C6 /* Debug */ = {
			isa = XCBuildConfiguration;
			buildSettings = {
				ALWAYS_SEARCH_USER_PATHS = NO;
				CLANG_ANALYZER_NONNULL = YES;
				CLANG_ANALYZER_NUMBER_OBJECT_CONVERSION = YES_AGGRESSIVE;
				CLANG_CXX_LANGUAGE_STANDARD = "gnu++20";
				CLANG_ENABLE_MODULES = YES;
				CLANG_ENABLE_OBJC_ARC = YES;
				CLANG_ENABLE_OBJC_WEAK = YES;
				CLANG_WARN_BLOCK_CAPTURE_AUTORELEASING = YES;
				CLANG_WARN_BOOL_CONVERSION = YES;
				CLANG_WARN_COMMA = YES;
				CLANG_WARN_CONSTANT_CONVERSION = YES;
				CLANG_WARN_DEPRECATED_OBJC_IMPLEMENTATIONS = YES;
				CLANG_WARN_DIRECT_OBJC_ISA_USAGE = YES_ERROR;
				CLANG_WARN_DOCUMENTATION_COMMENTS = YES;
				CLANG_WARN_EMPTY_BODY = YES;
				CLANG_WARN_ENUM_CONVERSION = YES;
				CLANG_WARN_INFINITE_RECURSION = YES;
				CLANG_WARN_INT_CONVERSION = YES;
				CLANG_WARN_NON_LITERAL_NULL_CONVERSION = YES;
				CLANG_WARN_OBJC_IMPLICIT_RETAIN_SELF = YES;
				CLANG_WARN_OBJC_LITERAL_CONVERSION = YES;
				CLANG_WARN_OBJC_ROOT_CLASS = YES_ERROR;
				CLANG_WARN_QUOTED_INCLUDE_IN_FRAMEWORK_HEADER = YES;
				CLANG_WARN_RANGE_LOOP_ANALYSIS = YES;
				CLANG_WARN_STRICT_PROTOTYPES = YES;
				CLANG_WARN_SUSPICIOUS_MOVE = YES;
				CLANG_WARN_UNGUARDED_AVAILABILITY = YES_AGGRESSIVE;
				CLANG_WARN_UNREACHABLE_CODE = YES;
				CLANG_WARN__DUPLICATE_METHOD_MATCH = YES;
				COPY_PHASE_STRIP = NO;
				DEBUG_INFORMATION_FORMAT = dwarf;
				ENABLE_STRICT_OBJC_MSGSEND = YES;
				ENABLE_TESTABILITY = YES;
				GCC_C_LANGUAGE_STANDARD = gnu11;
				GCC_DYNAMIC_NO_PIC = NO;
				GCC_NO_COMMON_BLOCKS = YES;
				GCC_OPTIMIZATION_LEVEL = 0;
				GCC_PREPROCESSOR_DEFINITIONS = (
					"DEBUG=1",
					"$(inherited)",
				);
				GCC_WARN_64_TO_32_BIT_CONVERSION = YES;
				GCC_WARN_ABOUT_RETURN_TYPE = YES_ERROR;
				GCC_WARN_UNDECLARED_SELECTOR = YES;
				GCC_WARN_UNINITIALIZED_AUTOS = YES_AGGRESSIVE;
				GCC_WARN_UNUSED_FUNCTION = YES;
				GCC_WARN_UNUSED_VARIABLE = YES;
				IPHONEOS_DEPLOYMENT_TARGET = 16.2;
				MTL_ENABLE_DEBUG_INFO = INCLUDE_SOURCE;
				MTL_FAST_MATH = YES;
				ONLY_ACTIVE_ARCH = YES;
				SDKROOT = iphoneos;
				SWIFT_ACTIVE_COMPILATION_CONDITIONS = DEBUG;
				SWIFT_OPTIMIZATION_LEVEL = "-Onone";
			};
			name = Debug;
		};
		6258A35D29D0569F00B667C6 /* Release */ = {
			isa = XCBuildConfiguration;
			buildSettings = {
				ALWAYS_SEARCH_USER_PATHS = NO;
				CLANG_ANALYZER_NONNULL = YES;
				CLANG_ANALYZER_NUMBER_OBJECT_CONVERSION = YES_AGGRESSIVE;
				CLANG_CXX_LANGUAGE_STANDARD = "gnu++20";
				CLANG_ENABLE_MODULES = YES;
				CLANG_ENABLE_OBJC_ARC = YES;
				CLANG_ENABLE_OBJC_WEAK = YES;
				CLANG_WARN_BLOCK_CAPTURE_AUTORELEASING = YES;
				CLANG_WARN_BOOL_CONVERSION = YES;
				CLANG_WARN_COMMA = YES;
				CLANG_WARN_CONSTANT_CONVERSION = YES;
				CLANG_WARN_DEPRECATED_OBJC_IMPLEMENTATIONS = YES;
				CLANG_WARN_DIRECT_OBJC_ISA_USAGE = YES_ERROR;
				CLANG_WARN_DOCUMENTATION_COMMENTS = YES;
				CLANG_WARN_EMPTY_BODY = YES;
				CLANG_WARN_ENUM_CONVERSION = YES;
				CLANG_WARN_INFINITE_RECURSION = YES;
				CLANG_WARN_INT_CONVERSION = YES;
				CLANG_WARN_NON_LITERAL_NULL_CONVERSION = YES;
				CLANG_WARN_OBJC_IMPLICIT_RETAIN_SELF = YES;
				CLANG_WARN_OBJC_LITERAL_CONVERSION = YES;
				CLANG_WARN_OBJC_ROOT_CLASS = YES_ERROR;
				CLANG_WARN_QUOTED_INCLUDE_IN_FRAMEWORK_HEADER = YES;
				CLANG_WARN_RANGE_LOOP_ANALYSIS = YES;
				CLANG_WARN_STRICT_PROTOTYPES = YES;
				CLANG_WARN_SUSPICIOUS_MOVE = YES;
				CLANG_WARN_UNGUARDED_AVAILABILITY = YES_AGGRESSIVE;
				CLANG_WARN_UNREACHABLE_CODE = YES;
				CLANG_WARN__DUPLICATE_METHOD_MATCH = YES;
				COPY_PHASE_STRIP = NO;
				DEBUG_INFORMATION_FORMAT = "dwarf-with-dsym";
				ENABLE_NS_ASSERTIONS = NO;
				ENABLE_STRICT_OBJC_MSGSEND = YES;
				GCC_C_LANGUAGE_STANDARD = gnu11;
				GCC_NO_COMMON_BLOCKS = YES;
				GCC_WARN_64_TO_32_BIT_CONVERSION = YES;
				GCC_WARN_ABOUT_RETURN_TYPE = YES_ERROR;
				GCC_WARN_UNDECLARED_SELECTOR = YES;
				GCC_WARN_UNINITIALIZED_AUTOS = YES_AGGRESSIVE;
				GCC_WARN_UNUSED_FUNCTION = YES;
				GCC_WARN_UNUSED_VARIABLE = YES;
				IPHONEOS_DEPLOYMENT_TARGET = 16.2;
				MTL_ENABLE_DEBUG_INFO = NO;
				MTL_FAST_MATH = YES;
				SDKROOT = iphoneos;
				SWIFT_COMPILATION_MODE = wholemodule;
				SWIFT_OPTIMIZATION_LEVEL = "-O";
				VALIDATE_PRODUCT = YES;
			};
			name = Release;
		};
		6258A35F29D0569F00B667C6 /* Debug */ = {
			isa = XCBuildConfiguration;
			buildSettings = {
				ASSETCATALOG_COMPILER_APPICON_NAME = AppIcon;
				ASSETCATALOG_COMPILER_GLOBAL_ACCENT_COLOR_NAME = AccentColor;
				CODE_SIGN_STYLE = Automatic;
				CURRENT_PROJECT_VERSION = 1;
				DEVELOPMENT_TEAM = YT2ARWM4PW;
				GENERATE_INFOPLIST_FILE = YES;
				INFOPLIST_FILE = "Easy Lunch/Resources/Info.plist";
				INFOPLIST_KEY_UIApplicationSupportsIndirectInputEvents = YES;
				INFOPLIST_KEY_UILaunchStoryboardName = LaunchScreen;
				INFOPLIST_KEY_UIMainStoryboardFile = Main;
				INFOPLIST_KEY_UIStatusBarStyle = UIStatusBarStyleLightContent;
				INFOPLIST_KEY_UISupportedInterfaceOrientations = UIInterfaceOrientationPortrait;
				INFOPLIST_KEY_UISupportedInterfaceOrientations_iPad = "UIInterfaceOrientationLandscapeLeft UIInterfaceOrientationLandscapeRight UIInterfaceOrientationPortrait UIInterfaceOrientationPortraitUpsideDown";
				IPHONEOS_DEPLOYMENT_TARGET = 14.0;
				LD_RUNPATH_SEARCH_PATHS = (
					"$(inherited)",
					"@executable_path/Frameworks",
				);
				MARKETING_VERSION = 1.0;
				PRODUCT_BUNDLE_IDENTIFIER = "com.24codding.Easy-Lunch";
				PRODUCT_NAME = "$(TARGET_NAME)";
				SUPPORTED_PLATFORMS = "iphoneos iphonesimulator";
				SUPPORTS_MACCATALYST = NO;
				SUPPORTS_MAC_DESIGNED_FOR_IPHONE_IPAD = NO;
				SWIFT_EMIT_LOC_STRINGS = YES;
				SWIFT_VERSION = 5.0;
				TARGETED_DEVICE_FAMILY = "1,2";
			};
			name = Debug;
		};
		6258A36029D0569F00B667C6 /* Release */ = {
			isa = XCBuildConfiguration;
			buildSettings = {
				ASSETCATALOG_COMPILER_APPICON_NAME = AppIcon;
				ASSETCATALOG_COMPILER_GLOBAL_ACCENT_COLOR_NAME = AccentColor;
				CODE_SIGN_STYLE = Automatic;
				CURRENT_PROJECT_VERSION = 1;
				DEVELOPMENT_TEAM = YT2ARWM4PW;
				GENERATE_INFOPLIST_FILE = YES;
				INFOPLIST_FILE = "Easy Lunch/Resources/Info.plist";
				INFOPLIST_KEY_UIApplicationSupportsIndirectInputEvents = YES;
				INFOPLIST_KEY_UILaunchStoryboardName = LaunchScreen;
				INFOPLIST_KEY_UIMainStoryboardFile = Main;
				INFOPLIST_KEY_UIStatusBarStyle = UIStatusBarStyleLightContent;
				INFOPLIST_KEY_UISupportedInterfaceOrientations = UIInterfaceOrientationPortrait;
				INFOPLIST_KEY_UISupportedInterfaceOrientations_iPad = "UIInterfaceOrientationLandscapeLeft UIInterfaceOrientationLandscapeRight UIInterfaceOrientationPortrait UIInterfaceOrientationPortraitUpsideDown";
				IPHONEOS_DEPLOYMENT_TARGET = 14.0;
				LD_RUNPATH_SEARCH_PATHS = (
					"$(inherited)",
					"@executable_path/Frameworks",
				);
				MARKETING_VERSION = 1.0;
				PRODUCT_BUNDLE_IDENTIFIER = "com.24codding.Easy-Lunch";
				PRODUCT_NAME = "$(TARGET_NAME)";
				SUPPORTED_PLATFORMS = "iphoneos iphonesimulator";
				SUPPORTS_MACCATALYST = NO;
				SUPPORTS_MAC_DESIGNED_FOR_IPHONE_IPAD = NO;
				SWIFT_EMIT_LOC_STRINGS = YES;
				SWIFT_VERSION = 5.0;
				TARGETED_DEVICE_FAMILY = "1,2";
			};
			name = Release;
		};
/* End XCBuildConfiguration section */

/* Begin XCConfigurationList section */
		6258A34529D0569E00B667C6 /* Build configuration list for PBXProject "EasyLunch" */ = {
			isa = XCConfigurationList;
			buildConfigurations = (
				6258A35C29D0569F00B667C6 /* Debug */,
				6258A35D29D0569F00B667C6 /* Release */,
			);
			defaultConfigurationIsVisible = 0;
			defaultConfigurationName = Release;
		};
		6258A35E29D0569F00B667C6 /* Build configuration list for PBXNativeTarget "EasyLunch" */ = {
			isa = XCConfigurationList;
			buildConfigurations = (
				6258A35F29D0569F00B667C6 /* Debug */,
				6258A36029D0569F00B667C6 /* Release */,
			);
			defaultConfigurationIsVisible = 0;
			defaultConfigurationName = Release;
		};
/* End XCConfigurationList section */

/* Begin XCRemoteSwiftPackageReference section */
		6292883029F65E950095C449 /* XCRemoteSwiftPackageReference "firebase-ios-sdk" */ = {
			isa = XCRemoteSwiftPackageReference;
			repositoryURL = "https://github.com/firebase/firebase-ios-sdk";
			requirement = {
				kind = upToNextMajorVersion;
				minimumVersion = 10.0.0;
			};
		};
/* End XCRemoteSwiftPackageReference section */

/* Begin XCSwiftPackageProductDependency section */
		6292883129F65E950095C449 /* FirebaseAuth */ = {
			isa = XCSwiftPackageProductDependency;
			package = 6292883029F65E950095C449 /* XCRemoteSwiftPackageReference "firebase-ios-sdk" */;
			productName = FirebaseAuth;
		};
		6292883329F65E950095C449 /* FirebaseDatabase */ = {
			isa = XCSwiftPackageProductDependency;
			package = 6292883029F65E950095C449 /* XCRemoteSwiftPackageReference "firebase-ios-sdk" */;
			productName = FirebaseDatabase;
		};
		6292883529F65E950095C449 /* FirebaseDatabaseSwift */ = {
			isa = XCSwiftPackageProductDependency;
			package = 6292883029F65E950095C449 /* XCRemoteSwiftPackageReference "firebase-ios-sdk" */;
			productName = FirebaseDatabaseSwift;
		};
		6292883729F65E950095C449 /* FirebaseFirestore */ = {
			isa = XCSwiftPackageProductDependency;
			package = 6292883029F65E950095C449 /* XCRemoteSwiftPackageReference "firebase-ios-sdk" */;
			productName = FirebaseFirestore;
		};
		6292883929F65E950095C449 /* FirebaseStorage */ = {
			isa = XCSwiftPackageProductDependency;
			package = 6292883029F65E950095C449 /* XCRemoteSwiftPackageReference "firebase-ios-sdk" */;
			productName = FirebaseStorage;
		};
/* End XCSwiftPackageProductDependency section */
	};
	rootObject = 6258A34229D0569E00B667C6 /* Project object */;
}
